
Microsoft Visual Studio Solution File, Format Version 12.00
# Visual Studio Version 17
VisualStudioVersion = 17.14.36429.23
MinimumVisualStudioVersion = 10.0.40219.1
Project("{2150E333-8FDC-42A3-9474-1A3956D46DE8}") = "Task0", "Task0", "{02EA681E-C7D8-13C7-8484-4AC65E1B71E8}"
EndProject
Project("{FAE04EC0-301F-11D3-BF4B-00C04F79EFBC}") = "Tyuiu.VolkovNS.Sprint2.Task0.V10", "Tyuiu.VolkovNS.Sprint2.Task0.V10\Tyuiu.VolkovNS.Sprint2.Task0.V10.csproj", "{95B1D16D-B0B2-4E57-B547-09C2369D6DBE}"
EndProject
Project("{FAE04EC0-301F-11D3-BF4B-00C04F79EFBC}") = "Tyuiu.VolkovNS.Sprint2.Task0.V10.Test", "Tyuiu.VolkovNS.Sprint2.Task0.V10.Test\Tyuiu.VolkovNS.Sprint2.Task0.V10.Test.csproj", "{7D3395CD-EC0F-4BA1-BA2E-AFA605D8E7F1}"
EndProject
Project("{FAE04EC0-301F-11D3-BF4B-00C04F79EFBC}") = "Tyuiu.VolkovNS.Sprint2.Task0.V10.Lib", "Tyuiu.VolkovNS.Sprint2.Task0.V10.Lib\Tyuiu.VolkovNS.Sprint2.Task0.V10.Lib.csproj", "{C80FA296-E7D0-4E32-AB3D-FE4AD6FD27BB}"
EndProject
Global
	GlobalSection(SolutionConfigurationPlatforms) = preSolution
		Debug|Any CPU = Debug|Any CPU
		Release|Any CPU = Release|Any CPU
	EndGlobalSection
	GlobalSection(ProjectConfigurationPlatforms) = postSolution
		{95B1D16D-B0B2-4E57-B547-09C2369D6DBE}.Debug|Any CPU.ActiveCfg = Debug|Any CPU
		{95B1D16D-B0B2-4E57-B547-09C2369D6DBE}.Debug|Any CPU.Build.0 = Debug|Any CPU
		{95B1D16D-B0B2-4E57-B547-09C2369D6DBE}.Release|Any CPU.ActiveCfg = Release|Any CPU
		{95B1D16D-B0B2-4E57-B547-09C2369D6DBE}.Release|Any CPU.Build.0 = Release|Any CPU
		{7D3395CD-EC0F-4BA1-BA2E-AFA605D8E7F1}.Debug|Any CPU.ActiveCfg = Debug|Any CPU
		{7D3395CD-EC0F-4BA1-BA2E-AFA605D8E7F1}.Debug|Any CPU.Build.0 = Debug|Any CPU
		{7D3395CD-EC0F-4BA1-BA2E-AFA605D8E7F1}.Release|Any CPU.ActiveCfg = Release|Any CPU
		{7D3395CD-EC0F-4BA1-BA2E-AFA605D8E7F1}.Release|Any CPU.Build.0 = Release|Any CPU
		{C80FA296-E7D0-4E32-AB3D-FE4AD6FD27BB}.Debug|Any CPU.ActiveCfg = Debug|Any CPU
		{C80FA296-E7D0-4E32-AB3D-FE4AD6FD27BB}.Debug|Any CPU.Build.0 = Debug|Any CPU
		{C80FA296-E7D0-4E32-AB3D-FE4AD6FD27BB}.Release|Any CPU.ActiveCfg = Release|Any CPU
		{C80FA296-E7D0-4E32-AB3D-FE4AD6FD27BB}.Release|Any CPU.Build.0 = Release|Any CPU
	EndGlobalSection
	GlobalSection(SolutionProperties) = preSolution
		HideSolutionNode = FALSE
	EndGlobalSection
	GlobalSection(NestedProjects) = preSolution
		{95B1D16D-B0B2-4E57-B547-09C2369D6DBE} = {02EA681E-C7D8-13C7-8484-4AC65E1B71E8}
		{7D3395CD-EC0F-4BA1-BA2E-AFA605D8E7F1} = {02EA681E-C7D8-13C7-8484-4AC65E1B71E8}
		{C80FA296-E7D0-4E32-AB3D-FE4AD6FD27BB} = {02EA681E-C7D8-13C7-8484-4AC65E1B71E8}
	EndGlobalSection
	GlobalSection(ExtensibilityGlobals) = postSolution
		SolutionGuid = {783BD60E-1E9A-45DA-8A44-C73A6211D382}
	EndGlobalSection
EndGlobal
